
Microsoft Visual Studio Solution File, Format Version 12.00
# Visual Studio Version 17
VisualStudioVersion = 17.14.36127.28 d17.14
MinimumVisualStudioVersion = 10.0.40219.1
Project("{FAE04EC0-301F-11D3-BF4B-00C04F79EFBC}") = "Atividade8Orientacao", "Atividade8Orientacao\Atividade8Orientacao.csproj", "{51918081-E160-4990-B8C8-D967F71CC14A}"
EndProject
Global
	GlobalSection(SolutionConfigurationPlatforms) = preSolution
		Debug|Any CPU = Debug|Any CPU
		Release|Any CPU = Release|Any CPU
	EndGlobalSection
	GlobalSection(ProjectConfigurationPlatforms) = postSolution
		{51918081-E160-4990-B8C8-D967F71CC14A}.Debug|Any CPU.ActiveCfg = Debug|Any CPU
		{51918081-E160-4990-B8C8-D967F71CC14A}.Debug|Any CPU.Build.0 = Debug|Any CPU
		{51918081-E160-4990-B8C8-D967F71CC14A}.Release|Any CPU.ActiveCfg = Release|Any CPU
		{51918081-E160-4990-B8C8-D967F71CC14A}.Release|Any CPU.Build.0 = Release|Any CPU
	EndGlobalSection
	GlobalSection(SolutionProperties) = preSolution
		HideSolutionNode = FALSE
	EndGlobalSection
	GlobalSection(ExtensibilityGlobals) = postSolution
		SolutionGuid = {A3E80079-7019-41FC-8C67-A398C88536AA}
	EndGlobalSection
EndGlobal
