
Microsoft Visual Studio Solution File, Format Version 12.00
# Visual Studio Version 17
VisualStudioVersion = 17.14.36121.58 d17.14
MinimumVisualStudioVersion = 10.0.40219.1
Project("{FAE04EC0-301F-11D3-BF4B-00C04F79EFBC}") = "Atividadealura_2", "Atividadealura_2\Atividadealura_2.csproj", "{4A073D4A-6D92-49F8-A964-5F8553420AA5}"
EndProject
Global
	GlobalSection(SolutionConfigurationPlatforms) = preSolution
		Debug|Any CPU = Debug|Any CPU
		Release|Any CPU = Release|Any CPU
	EndGlobalSection
	GlobalSection(ProjectConfigurationPlatforms) = postSolution
		{4A073D4A-6D92-49F8-A964-5F8553420AA5}.Debug|Any CPU.ActiveCfg = Debug|Any CPU
		{4A073D4A-6D92-49F8-A964-5F8553420AA5}.Debug|Any CPU.Build.0 = Debug|Any CPU
		{4A073D4A-6D92-49F8-A964-5F8553420AA5}.Release|Any CPU.ActiveCfg = Release|Any CPU
		{4A073D4A-6D92-49F8-A964-5F8553420AA5}.Release|Any CPU.Build.0 = Release|Any CPU
	EndGlobalSection
	GlobalSection(SolutionProperties) = preSolution
		HideSolutionNode = FALSE
	EndGlobalSection
	GlobalSection(ExtensibilityGlobals) = postSolution
		SolutionGuid = {1F12FC6C-BA4F-4718-8101-152CD7A0C6E8}
	EndGlobalSection
EndGlobal
